// !$*UTF8*$!
{
	archiveVersion = 1;
	classes = {
	};
	objectVersion = 46;
	objects = {

/* Begin PBXBuildFile section */
		2842FE571ECCCE2C00562D83 /* AppDelegate.swift in Sources */ = {isa = PBXBuildFile; fileRef = 2842FE561ECCCE2C00562D83 /* AppDelegate.swift */; };
		2842FE591ECCCE2C00562D83 /* ViewController.swift in Sources */ = {isa = PBXBuildFile; fileRef = 2842FE581ECCCE2C00562D83 /* ViewController.swift */; };
		2842FE5C1ECCCE2C00562D83 /* Main.storyboard in Resources */ = {isa = PBXBuildFile; fileRef = 2842FE5A1ECCCE2C00562D83 /* Main.storyboard */; };
		2842FE5F1ECCCE2C00562D83 /* Sound_Board.xcdatamodeld in Sources */ = {isa = PBXBuildFile; fileRef = 2842FE5D1ECCCE2C00562D83 /* Sound_Board.xcdatamodeld */; };
		2842FE611ECCCE2C00562D83 /* Assets.xcassets in Resources */ = {isa = PBXBuildFile; fileRef = 2842FE601ECCCE2C00562D83 /* Assets.xcassets */; };
		2842FE641ECCCE2C00562D83 /* LaunchScreen.storyboard in Resources */ = {isa = PBXBuildFile; fileRef = 2842FE621ECCCE2C00562D83 /* LaunchScreen.storyboard */; };
/* End PBXBuildFile section */

/* Begin PBXFileReference section */
		2842FE531ECCCE2C00562D83 /* Sound Board.app */ = {isa = PBXFileReference; explicitFileType = wrapper.application; includeInIndex = 0; path = "Sound Board.app"; sourceTree = BUILT_PRODUCTS_DIR; };
		2842FE561ECCCE2C00562D83 /* AppDelegate.swift */ = {isa = PBXFileReference; lastKnownFileType = sourcecode.swift; path = AppDelegate.swift; sourceTree = "<group>"; };
		2842FE581ECCCE2C00562D83 /* ViewController.swift */ = {isa = PBXFileReference; lastKnownFileType = sourcecode.swift; path = ViewController.swift; sourceTree = "<group>"; };
		2842FE5B1ECCCE2C00562D83 /* Base */ = {isa = PBXFileReference; lastKnownFileType = file.storyboard; name = Base; path = Base.lproj/Main.storyboard; sourceTree = "<group>"; };
		2842FE5E1ECCCE2C00562D83 /* Sound_Board.xcdatamodel */ = {isa = PBXFileReference; lastKnownFileType = wrapper.xcdatamodel; path = Sound_Board.xcdatamodel; sourceTree = "<group>"; };
		2842FE601ECCCE2C00562D83 /* Assets.xcassets */ = {isa = PBXFileReference; lastKnownFileType = folder.assetcatalog; path = Assets.xcassets; sourceTree = "<group>"; };
		2842FE631ECCCE2C00562D83 /* Base */ = {isa = PBXFileReference; lastKnownFileType = file.storyboard; name = Base; path = Base.lproj/LaunchScreen.storyboard; sourceTree = "<group>"; };
		2842FE651ECCCE2C00562D83 /* Info.plist */ = {isa = PBXFileReference; lastKnownFileType = text.plist.xml; path = Info.plist; sourceTree = "<group>"; };
/* End PBXFileReference section */

/* Begin PBXFrameworksBuildPhase section */
		2842FE501ECCCE2C00562D83 /* Frameworks */ = {
			isa = PBXFrameworksBuildPhase;
			buildActionMask = 2147483647;
			files = (
			);
			runOnlyForDeploymentPostprocessing = 0;
		};
/* End PBXFrameworksBuildPhase section */

/* Begin PBXGroup section */
		2842FE4A1ECCCE2C00562D83 = {
			isa = PBXGroup;
			children = (
				2842FE551ECCCE2C00562D83 /* Sound Board */,
				2842FE541ECCCE2C00562D83 /* Products */,
			);
			sourceTree = "<group>";
		};
		2842FE541ECCCE2C00562D83 /* Products */ = {
			isa = PBXGroup;
			children = (
				2842FE531ECCCE2C00562D83 /* Sound Board.app */,
			);
			name = Products;
			sourceTree = "<group>";
		};
		2842FE551ECCCE2C00562D83 /* Sound Board */ = {
			isa = PBXGroup;
			children = (
				2842FE561ECCCE2C00562D83 /* AppDelegate.swift */,
				2842FE581ECCCE2C00562D83 /* ViewController.swift */,
				2842FE5A1ECCCE2C00562D83 /* Main.storyboard */,
				2842FE601ECCCE2C00562D83 /* Assets.xcassets */,
				2842FE621ECCCE2C00562D83 /* LaunchScreen.storyboard */,
				2842FE651ECCCE2C00562D83 /* Info.plist */,
				2842FE5D1ECCCE2C00562D83 /* Sound_Board.xcdatamodeld */,
			);
			path = "Sound Board";
			sourceTree = "<group>";
		};
/* End PBXGroup section */

/* Begin PBXNativeTarget section */
		2842FE521ECCCE2C00562D83 /* Sound Board */ = {
			isa = PBXNativeTarget;
			buildConfigurationList = 2842FE681ECCCE2C00562D83 /* Build configuration list for PBXNativeTarget "Sound Board" */;
			buildPhases = (
				2842FE4F1ECCCE2C00562D83 /* Sources */,
				2842FE501ECCCE2C00562D83 /* Frameworks */,
				2842FE511ECCCE2C00562D83 /* Resources */,
			);
			buildRules = (
			);
			dependencies = (
			);
			name = "Sound Board";
			productName = "Sound Board";
			productReference = 2842FE531ECCCE2C00562D83 /* Sound Board.app */;
			productType = "com.apple.product-type.application";
		};
/* End PBXNativeTarget section */

/* Begin PBXProject section */
		2842FE4B1ECCCE2C00562D83 /* Project object */ = {
			isa = PBXProject;
			attributes = {
				LastSwiftUpdateCheck = 0830;
				LastUpgradeCheck = 0830;
				ORGANIZATIONNAME = Brandon;
				TargetAttributes = {
					2842FE521ECCCE2C00562D83 = {
						CreatedOnToolsVersion = 8.3.2;
						DevelopmentTeam = G62JKPEE92;
						ProvisioningStyle = Automatic;
					};
				};
			};
			buildConfigurationList = 2842FE4E1ECCCE2C00562D83 /* Build configuration list for PBXProject "Sound Board" */;
			compatibilityVersion = "Xcode 3.2";
			developmentRegion = English;
			hasScannedForEncodings = 0;
			knownRegions = (
				en,
				Base,
			);
			mainGroup = 2842FE4A1ECCCE2C00562D83;
			productRefGroup = 2842FE541ECCCE2C00562D83 /* Products */;
			projectDirPath = "";
			projectRoot = "";
			targets = (
				2842FE521ECCCE2C00562D83 /* Sound Board */,
			);
		};
/* End PBXProject section */

/* Begin PBXResourcesBuildPhase section */
		2842FE511ECCCE2C00562D83 /* Resources */ = {
			isa = PBXResourcesBuildPhase;
			buildActionMask = 2147483647;
			files = (
				2842FE641ECCCE2C00562D83 /* LaunchScreen.storyboard in Resources */,
				2842FE611ECCCE2C00562D83 /* Assets.xcassets in Resources */,
				2842FE5C1ECCCE2C00562D83 /* Main.storyboard in Resources */,
			);
			runOnlyForDeploymentPostprocessing = 0;
		};
/* End PBXResourcesBuildPhase section */

/* Begin PBXSourcesBuildPhase section */
		2842FE4F1ECCCE2C00562D83 /* Sources */ = {
			isa = PBXSourcesBuildPhase;
			buildActionMask = 2147483647;
			files = (
				2842FE5F1ECCCE2C00562D83 /* Sound_Board.xcdatamodeld in Sources */,
				2842FE591ECCCE2C00562D83 /* ViewController.swift in Sources */,
				2842FE571ECCCE2C00562D83 /* AppDelegate.swift in Sources */,
			);
			runOnlyForDeploymentPostprocessing = 0;
		};
/* End PBXSourcesBuildPhase section */

/* Begin PBXVariantGroup section */
		2842FE5A1ECCCE2C00562D83 /* Main.storyboard */ = {
			isa = PBXVariantGroup;
			children = (
				2842FE5B1ECCCE2C00562D83 /* Base */,
			);
			name = Main.storyboard;
			sourceTree = "<group>";
		};
		2842FE621ECCCE2C00562D83 /* LaunchScreen.storyboard */ = {
			isa = PBXVariantGroup;
			children = (
				2842FE631ECCCE2C00562D83 /* Base */,
			);
			name = LaunchScreen.storyboard;
			sourceTree = "<group>";
		};
/* End PBXVariantGroup section */

/* Begin XCBuildConfiguration section */
		2842FE661ECCCE2C00562D83 /* Debug */ = {
			isa = XCBuildConfiguration;
			buildSettings = {
				ALWAYS_SEARCH_USER_PATHS = NO;
				CLANG_ANALYZER_NONNULL = YES;
				CLANG_ANALYZER_NUMBER_OBJECT_CONVERSION = YES_AGGRESSIVE;
				CLANG_CXX_LANGUAGE_STANDARD = "gnu++0x";
				CLANG_CXX_LIBRARY = "libc++";
				CLANG_ENABLE_MODULES = YES;
				CLANG_ENABLE_OBJC_ARC = YES;
				CLANG_WARN_BOOL_CONVERSION = YES;
				CLANG_WARN_CONSTANT_CONVERSION = YES;
				CLANG_WARN_DIRECT_OBJC_ISA_USAGE = YES_ERROR;
				CLANG_WARN_DOCUMENTATION_COMMENTS = YES;
				CLANG_WARN_EMPTY_BODY = YES;
				CLANG_WARN_ENUM_CONVERSION = YES;
				CLANG_WARN_INFINITE_RECURSION = YES;
				CLANG_WARN_INT_CONVERSION = YES;
				CLANG_WARN_OBJC_ROOT_CLASS = YES_ERROR;
				CLANG_WARN_SUSPICIOUS_MOVE = YES;
				CLANG_WARN_UNREACHABLE_CODE = YES;
				CLANG_WARN__DUPLICATE_METHOD_MATCH = YES;
				"CODE_SIGN_IDENTITY[sdk=iphoneos*]" = "iPhone Developer";
				COPY_PHASE_STRIP = NO;
				DEBUG_INFORMATION_FORMAT = dwarf;
				ENABLE_STRICT_OBJC_MSGSEND = YES;
				ENABLE_TESTABILITY = YES;
				GCC_C_LANGUAGE_STANDARD = gnu99;
				GCC_DYNAMIC_NO_PIC = NO;
				GCC_NO_COMMON_BLOCKS = YES;
				GCC_OPTIMIZATION_LEVEL = 0;
				GCC_PREPROCESSOR_DEFINITIONS = (
					"DEBUG=1",
					"$(inherited)",
				);
				GCC_WARN_64_TO_32_BIT_CONVERSION = YES;
				GCC_WARN_ABOUT_RETURN_TYPE = YES_ERROR;
				GCC_WARN_UNDECLARED_SELECTOR = YES;
				GCC_WARN_UNINITIALIZED_AUTOS = YES_AGGRESSIVE;
				GCC_WARN_UNUSED_FUNCTION = YES;
				GCC_WARN_UNUSED_VARIABLE = YES;
				IPHONEOS_DEPLOYMENT_TARGET = 10.3;
				MTL_ENABLE_DEBUG_INFO = YES;
				ONLY_ACTIVE_ARCH = YES;
				SDKROOT = iphoneos;
				SWIFT_ACTIVE_COMPILATION_CONDITIONS = DEBUG;
				SWIFT_OPTIMIZATION_LEVEL = "-Onone";
				TARGETED_DEVICE_FAMILY = "1,2";
			};
			name = Debug;
		};
		2842FE671ECCCE2C00562D83 /* Release */ = {
			isa = XCBuildConfiguration;
			buildSettings = {
				ALWAYS_SEARCH_USER_PATHS = NO;
				CLANG_ANALYZER_NONNULL = YES;
				CLANG_ANALYZER_NUMBER_OBJECT_CONVERSION = YES_AGGRESSIVE;
				CLANG_CXX_LANGUAGE_STANDARD = "gnu++0x";
				CLANG_CXX_LIBRARY = "libc++";
				CLANG_ENABLE_MODULES = YES;
				CLANG_ENABLE_OBJC_ARC = YES;
				CLANG_WARN_BOOL_CONVERSION = YES;
				CLANG_WARN_CONSTANT_CONVERSION = YES;
				CLANG_WARN_DIRECT_OBJC_ISA_USAGE = YES_ERROR;
				CLANG_WARN_DOCUMENTATION_COMMENTS = YES;
				CLANG_WARN_EMPTY_BODY = YES;
				CLANG_WARN_ENUM_CONVERSION = YES;
				CLANG_WARN_INFINITE_RECURSION = YES;
				CLANG_WARN_INT_CONVERSION = YES;
				CLANG_WARN_OBJC_ROOT_CLASS = YES_ERROR;
				CLANG_WARN_SUSPICIOUS_MOVE = YES;
				CLANG_WARN_UNREACHABLE_CODE = YES;
				CLANG_WARN__DUPLICATE_METHOD_MATCH = YES;
				"CODE_SIGN_IDENTITY[sdk=iphoneos*]" = "iPhone Developer";
				COPY_PHASE_STRIP = NO;
				DEBUG_INFORMATION_FORMAT = "dwarf-with-dsym";
				ENABLE_NS_ASSERTIONS = NO;
				ENABLE_STRICT_OBJC_MSGSEND = YES;
				GCC_C_LANGUAGE_STANDARD = gnu99;
				GCC_NO_COMMON_BLOCKS = YES;
				GCC_WARN_64_TO_32_BIT_CONVERSION = YES;
				GCC_WARN_ABOUT_RETURN_TYPE = YES_ERROR;
				GCC_WARN_UNDECLARED_SELECTOR = YES;
				GCC_WARN_UNINITIALIZED_AUTOS = YES_AGGRESSIVE;
				GCC_WARN_UNUSED_FUNCTION = YES;
				GCC_WARN_UNUSED_VARIABLE = YES;
				IPHONEOS_DEPLOYMENT_TARGET = 10.3;
				MTL_ENABLE_DEBUG_INFO = NO;
				SDKROOT = iphoneos;
				SWIFT_OPTIMIZATION_LEVEL = "-Owholemodule";
				TARGETED_DEVICE_FAMILY = "1,2";
				VALIDATE_PRODUCT = YES;
			};
			name = Release;
		};
		2842FE691ECCCE2C00562D83 /* Debug */ = {
			isa = XCBuildConfiguration;
			buildSettings = {
				ASSETCATALOG_COMPILER_APPICON_NAME = AppIcon;
				DEVELOPMENT_TEAM = G62JKPEE92;
				INFOPLIST_FILE = "Sound Board/Info.plist";
				LD_RUNPATH_SEARCH_PATHS = "$(inherited) @executable_path/Frameworks";
				PRODUCT_BUNDLE_IDENTIFIER = "com.brandonApp.Sound-Board";
				PRODUCT_NAME = "$(TARGET_NAME)";
				SWIFT_VERSION = 3.0;
			};
			name = Debug;
		};
		2842FE6A1ECCCE2C00562D83 /* Release */ = {
			isa = XCBuildConfiguration;
			buildSettings = {
				ASSETCATALOG_COMPILER_APPICON_NAME = AppIcon;
				DEVELOPMENT_TEAM = G62JKPEE92;
				INFOPLIST_FILE = "Sound Board/Info.plist";
				LD_RUNPATH_SEARCH_PATHS = "$(inherited) @executable_path/Frameworks";
				PRODUCT_BUNDLE_IDENTIFIER = "com.brandonApp.Sound-Board";
				PRODUCT_NAME = "$(TARGET_NAME)";
				SWIFT_VERSION = 3.0;
			};
			name = Release;
		};
/* End XCBuildConfiguration section */

/* Begin XCConfigurationList section */
		2842FE4E1ECCCE2C00562D83 /* Build configuration list for PBXProject "Sound Board" */ = {
			isa = XCConfigurationList;
			buildConfigurations = (
				2842FE661ECCCE2C00562D83 /* Debug */,
				2842FE671ECCCE2C00562D83 /* Release */,
			);
			defaultConfigurationIsVisible = 0;
			defaultConfigurationName = Release;
		};
		2842FE681ECCCE2C00562D83 /* Build configuration list for PBXNativeTarget "Sound Board" */ = {
			isa = XCConfigurationList;
			buildConfigurations = (
				2842FE691ECCCE2C00562D83 /* Debug */,
				2842FE6A1ECCCE2C00562D83 /* Release */,
			);
			defaultConfigurationIsVisible = 0;
		};
/* End XCConfigurationList section */

/* Begin XCVersionGroup section */
		2842FE5D1ECCCE2C00562D83 /* Sound_Board.xcdatamodeld */ = {
			isa = XCVersionGroup;
			children = (
				2842FE5E1ECCCE2C00562D83 /* Sound_Board.xcdatamodel */,
			);
			currentVersion = 2842FE5E1ECCCE2C00562D83 /* Sound_Board.xcdatamodel */;
			path = Sound_Board.xcdatamodeld;
			sourceTree = "<group>";
			versionGroupType = wrapper.xcdatamodel;
		};
/* End XCVersionGroup section */
	};
	rootObject = 2842FE4B1ECCCE2C00562D83 /* Project object */;
}
